// !$*UTF8*$!
{
	archiveVersion = 1;
	classes = {
	};
	objectVersion = 56;
	objects = {

/* Begin PBXBuildFile section */
		3F5A142D2BD21F2B002F779B /* CategoryHome.swift in Sources */ = {isa = PBXBuildFile; fileRef = 3F5A142C2BD21F2B002F779B /* CategoryHome.swift */; };
		3F5A142F2BD2201F002F779B /* CategoryRow.swift in Sources */ = {isa = PBXBuildFile; fileRef = 3F5A142E2BD2201F002F779B /* CategoryRow.swift */; };
		3F5A14312BD22049002F779B /* CategoryItem.swift in Sources */ = {isa = PBXBuildFile; fileRef = 3F5A14302BD22049002F779B /* CategoryItem.swift */; };
		3F8A446F2BD207CB00CB17A2 /* FavoriteButton.swift in Sources */ = {isa = PBXBuildFile; fileRef = 3F8A446E2BD207CB00CB17A2 /* FavoriteButton.swift */; };
		3F8A44752BD209B900CB17A2 /* HexagonParameters.swift in Sources */ = {isa = PBXBuildFile; fileRef = 3F8A44742BD209B900CB17A2 /* HexagonParameters.swift */; };
		3F8A44772BD209F500CB17A2 /* BadgeBackground.swift in Sources */ = {isa = PBXBuildFile; fileRef = 3F8A44762BD209F500CB17A2 /* BadgeBackground.swift */; };
		3F8A44792BD20A9500CB17A2 /* BadgeSymbol.swift in Sources */ = {isa = PBXBuildFile; fileRef = 3F8A44782BD20A9500CB17A2 /* BadgeSymbol.swift */; };
		3F8A447B2BD20ACA00CB17A2 /* RotatedBadgeSymbol.swift in Sources */ = {isa = PBXBuildFile; fileRef = 3F8A447A2BD20ACA00CB17A2 /* RotatedBadgeSymbol.swift */; };
		3F8A447D2BD20C0600CB17A2 /* Badge.swift in Sources */ = {isa = PBXBuildFile; fileRef = 3F8A447C2BD20C0600CB17A2 /* Badge.swift */; };
		3F8A44802BD20CD300CB17A2 /* hikeData.json in Resources */ = {isa = PBXBuildFile; fileRef = 3F8A447F2BD20CD300CB17A2 /* hikeData.json */; };
		3F8A44822BD20D4B00CB17A2 /* Hike.swift in Sources */ = {isa = PBXBuildFile; fileRef = 3F8A44812BD20D4B00CB17A2 /* Hike.swift */; };
		3F8A44882BD20D9B00CB17A2 /* GraphCapsule.swift in Sources */ = {isa = PBXBuildFile; fileRef = 3F8A44832BD20D9B00CB17A2 /* GraphCapsule.swift */; };
		3F8A44892BD20D9B00CB17A2 /* HikeDetail.swift in Sources */ = {isa = PBXBuildFile; fileRef = 3F8A44842BD20D9B00CB17A2 /* HikeDetail.swift */; };
		3F8A448A2BD20D9B00CB17A2 /* HikeGraph.swift in Sources */ = {isa = PBXBuildFile; fileRef = 3F8A44852BD20D9B00CB17A2 /* HikeGraph.swift */; };
		3F8A448B2BD20D9B00CB17A2 /* HikeView.swift in Sources */ = {isa = PBXBuildFile; fileRef = 3F8A44862BD20D9B00CB17A2 /* HikeView.swift */; };
		3FED33862BD20274004B5271 /* CircleImage.swift in Sources */ = {isa = PBXBuildFile; fileRef = 3FED33852BD20274004B5271 /* CircleImage.swift */; };
		3FED33882BD202CC004B5271 /* MapView.swift in Sources */ = {isa = PBXBuildFile; fileRef = 3FED33872BD202CC004B5271 /* MapView.swift */; };
		3FED338A2BD202FD004B5271 /* ContentView.swift in Sources */ = {isa = PBXBuildFile; fileRef = 3FED33892BD202FD004B5271 /* ContentView.swift */; };
		3FF2DABC2BD0DF6E00C4F973 /* LandmarksApp.swift in Sources */ = {isa = PBXBuildFile; fileRef = 3FF2DABB2BD0DF6E00C4F973 /* LandmarksApp.swift */; };
		3FF2DAC02BD0DF6F00C4F973 /* Assets.xcassets in Resources */ = {isa = PBXBuildFile; fileRef = 3FF2DABF2BD0DF6F00C4F973 /* Assets.xcassets */; };
		3FF2DAC32BD0DF6F00C4F973 /* Preview Assets.xcassets in Resources */ = {isa = PBXBuildFile; fileRef = 3FF2DAC22BD0DF6F00C4F973 /* Preview Assets.xcassets */; };
		3FF2DACD2BD0DF6F00C4F973 /* LandmarksTests.swift in Sources */ = {isa = PBXBuildFile; fileRef = 3FF2DACC2BD0DF6F00C4F973 /* LandmarksTests.swift */; };
		3FF2DAD72BD0DF6F00C4F973 /* LandmarksUITests.swift in Sources */ = {isa = PBXBuildFile; fileRef = 3FF2DAD62BD0DF6F00C4F973 /* LandmarksUITests.swift */; };
		3FF2DAD92BD0DF6F00C4F973 /* LandmarksUITestsLaunchTests.swift in Sources */ = {isa = PBXBuildFile; fileRef = 3FF2DAD82BD0DF6F00C4F973 /* LandmarksUITestsLaunchTests.swift */; };
		3FF2DAEC2BD0EA8600C4F973 /* landmarkData.json in Resources */ = {isa = PBXBuildFile; fileRef = 3FF2DAEB2BD0EA8600C4F973 /* landmarkData.json */; };
		3FF2DAED2BD0EA8600C4F973 /* landmarkData.json in Resources */ = {isa = PBXBuildFile; fileRef = 3FF2DAEB2BD0EA8600C4F973 /* landmarkData.json */; };
		3FF2DAEF2BD0EAC700C4F973 /* Landmark.swift in Sources */ = {isa = PBXBuildFile; fileRef = 3FF2DAEE2BD0EAC700C4F973 /* Landmark.swift */; };
		3FF2DAF22BD0EC1E00C4F973 /* ModelData.swift in Sources */ = {isa = PBXBuildFile; fileRef = 3FF2DAF12BD0EC1E00C4F973 /* ModelData.swift */; };
		3FF2DAFC2BD0EE1C00C4F973 /* LandmarkRow.swift in Sources */ = {isa = PBXBuildFile; fileRef = 3FF2DAFB2BD0EE1C00C4F973 /* LandmarkRow.swift */; };
		3FF2DAFF2BD0F00900C4F973 /* LandmarkList.swift in Sources */ = {isa = PBXBuildFile; fileRef = 3FF2DAFE2BD0F00900C4F973 /* LandmarkList.swift */; };
		3FF2DB022BD0F11200C4F973 /* LandmarkDetail.swift in Sources */ = {isa = PBXBuildFile; fileRef = 3FF2DB012BD0F11200C4F973 /* LandmarkDetail.swift */; };
/* End PBXBuildFile section */

/* Begin PBXContainerItemProxy section */
		3FF2DAC92BD0DF6F00C4F973 /* PBXContainerItemProxy */ = {
			isa = PBXContainerItemProxy;
			containerPortal = 3FF2DAB02BD0DF6E00C4F973 /* Project object */;
			proxyType = 1;
			remoteGlobalIDString = 3FF2DAB72BD0DF6E00C4F973;
			remoteInfo = Landmarks;
		};
		3FF2DAD32BD0DF6F00C4F973 /* PBXContainerItemProxy */ = {
			isa = PBXContainerItemProxy;
			containerPortal = 3FF2DAB02BD0DF6E00C4F973 /* Project object */;
			proxyType = 1;
			remoteGlobalIDString = 3FF2DAB72BD0DF6E00C4F973;
			remoteInfo = Landmarks;
		};
/* End PBXContainerItemProxy section */

/* Begin PBXFileReference section */
		3F5A142C2BD21F2B002F779B /* CategoryHome.swift */ = {isa = PBXFileReference; lastKnownFileType = sourcecode.swift; path = CategoryHome.swift; sourceTree = "<group>"; };
		3F5A142E2BD2201F002F779B /* CategoryRow.swift */ = {isa = PBXFileReference; lastKnownFileType = sourcecode.swift; path = CategoryRow.swift; sourceTree = "<group>"; };
		3F5A14302BD22049002F779B /* CategoryItem.swift */ = {isa = PBXFileReference; lastKnownFileType = sourcecode.swift; path = CategoryItem.swift; sourceTree = "<group>"; };
		3F8A446E2BD207CB00CB17A2 /* FavoriteButton.swift */ = {isa = PBXFileReference; lastKnownFileType = sourcecode.swift; path = FavoriteButton.swift; sourceTree = "<group>"; };
		3F8A44742BD209B900CB17A2 /* HexagonParameters.swift */ = {isa = PBXFileReference; lastKnownFileType = sourcecode.swift; path = HexagonParameters.swift; sourceTree = "<group>"; };
		3F8A44762BD209F500CB17A2 /* BadgeBackground.swift */ = {isa = PBXFileReference; lastKnownFileType = sourcecode.swift; path = BadgeBackground.swift; sourceTree = "<group>"; };
		3F8A44782BD20A9500CB17A2 /* BadgeSymbol.swift */ = {isa = PBXFileReference; lastKnownFileType = sourcecode.swift; path = BadgeSymbol.swift; sourceTree = "<group>"; };
		3F8A447A2BD20ACA00CB17A2 /* RotatedBadgeSymbol.swift */ = {isa = PBXFileReference; lastKnownFileType = sourcecode.swift; path = RotatedBadgeSymbol.swift; sourceTree = "<group>"; };
		3F8A447C2BD20C0600CB17A2 /* Badge.swift */ = {isa = PBXFileReference; lastKnownFileType = sourcecode.swift; path = Badge.swift; sourceTree = "<group>"; };
		3F8A447F2BD20CD300CB17A2 /* hikeData.json */ = {isa = PBXFileReference; fileEncoding = 4; lastKnownFileType = text.json; path = hikeData.json; sourceTree = "<group>"; };
		3F8A44812BD20D4B00CB17A2 /* Hike.swift */ = {isa = PBXFileReference; lastKnownFileType = sourcecode.swift; path = Hike.swift; sourceTree = "<group>"; };
		3F8A44832BD20D9B00CB17A2 /* GraphCapsule.swift */ = {isa = PBXFileReference; fileEncoding = 4; lastKnownFileType = sourcecode.swift; path = GraphCapsule.swift; sourceTree = "<group>"; };
		3F8A44842BD20D9B00CB17A2 /* HikeDetail.swift */ = {isa = PBXFileReference; fileEncoding = 4; lastKnownFileType = sourcecode.swift; path = HikeDetail.swift; sourceTree = "<group>"; };
		3F8A44852BD20D9B00CB17A2 /* HikeGraph.swift */ = {isa = PBXFileReference; fileEncoding = 4; lastKnownFileType = sourcecode.swift; path = HikeGraph.swift; sourceTree = "<group>"; };
		3F8A44862BD20D9B00CB17A2 /* HikeView.swift */ = {isa = PBXFileReference; fileEncoding = 4; lastKnownFileType = sourcecode.swift; path = HikeView.swift; sourceTree = "<group>"; };
		3FED33852BD20274004B5271 /* CircleImage.swift */ = {isa = PBXFileReference; lastKnownFileType = sourcecode.swift; path = CircleImage.swift; sourceTree = "<group>"; };
		3FED33872BD202CC004B5271 /* MapView.swift */ = {isa = PBXFileReference; lastKnownFileType = sourcecode.swift; path = MapView.swift; sourceTree = "<group>"; };
		3FED33892BD202FD004B5271 /* ContentView.swift */ = {isa = PBXFileReference; lastKnownFileType = sourcecode.swift; path = ContentView.swift; sourceTree = "<group>"; };
		3FF2DAB82BD0DF6E00C4F973 /* Landmarks.app */ = {isa = PBXFileReference; explicitFileType = wrapper.application; includeInIndex = 0; path = Landmarks.app; sourceTree = BUILT_PRODUCTS_DIR; };
		3FF2DABB2BD0DF6E00C4F973 /* LandmarksApp.swift */ = {isa = PBXFileReference; lastKnownFileType = sourcecode.swift; path = LandmarksApp.swift; sourceTree = "<group>"; };
		3FF2DABF2BD0DF6F00C4F973 /* Assets.xcassets */ = {isa = PBXFileReference; lastKnownFileType = folder.assetcatalog; path = Assets.xcassets; sourceTree = "<group>"; };
		3FF2DAC22BD0DF6F00C4F973 /* Preview Assets.xcassets */ = {isa = PBXFileReference; lastKnownFileType = folder.assetcatalog; path = "Preview Assets.xcassets"; sourceTree = "<group>"; };
		3FF2DAC82BD0DF6F00C4F973 /* LandmarksTests.xctest */ = {isa = PBXFileReference; explicitFileType = wrapper.cfbundle; includeInIndex = 0; path = LandmarksTests.xctest; sourceTree = BUILT_PRODUCTS_DIR; };
		3FF2DACC2BD0DF6F00C4F973 /* LandmarksTests.swift */ = {isa = PBXFileReference; lastKnownFileType = sourcecode.swift; path = LandmarksTests.swift; sourceTree = "<group>"; };
		3FF2DAD22BD0DF6F00C4F973 /* LandmarksUITests.xctest */ = {isa = PBXFileReference; explicitFileType = wrapper.cfbundle; includeInIndex = 0; path = LandmarksUITests.xctest; sourceTree = BUILT_PRODUCTS_DIR; };
		3FF2DAD62BD0DF6F00C4F973 /* LandmarksUITests.swift */ = {isa = PBXFileReference; lastKnownFileType = sourcecode.swift; path = LandmarksUITests.swift; sourceTree = "<group>"; };
		3FF2DAD82BD0DF6F00C4F973 /* LandmarksUITestsLaunchTests.swift */ = {isa = PBXFileReference; lastKnownFileType = sourcecode.swift; path = LandmarksUITestsLaunchTests.swift; sourceTree = "<group>"; };
		3FF2DAEB2BD0EA8600C4F973 /* landmarkData.json */ = {isa = PBXFileReference; fileEncoding = 4; lastKnownFileType = text.json; path = landmarkData.json; sourceTree = "<group>"; };
		3FF2DAEE2BD0EAC700C4F973 /* Landmark.swift */ = {isa = PBXFileReference; lastKnownFileType = sourcecode.swift; path = Landmark.swift; sourceTree = "<group>"; };
		3FF2DAF12BD0EC1E00C4F973 /* ModelData.swift */ = {isa = PBXFileReference; lastKnownFileType = sourcecode.swift; path = ModelData.swift; sourceTree = "<group>"; };
		3FF2DAFB2BD0EE1C00C4F973 /* LandmarkRow.swift */ = {isa = PBXFileReference; lastKnownFileType = sourcecode.swift; path = LandmarkRow.swift; sourceTree = "<group>"; };
		3FF2DAFE2BD0F00900C4F973 /* LandmarkList.swift */ = {isa = PBXFileReference; lastKnownFileType = sourcecode.swift; path = LandmarkList.swift; sourceTree = "<group>"; };
		3FF2DB012BD0F11200C4F973 /* LandmarkDetail.swift */ = {isa = PBXFileReference; lastKnownFileType = sourcecode.swift; path = LandmarkDetail.swift; sourceTree = "<group>"; };
/* End PBXFileReference section */

/* Begin PBXFrameworksBuildPhase section */
		3FF2DAB52BD0DF6E00C4F973 /* Frameworks */ = {
			isa = PBXFrameworksBuildPhase;
			buildActionMask = 2147483647;
			files = (
			);
			runOnlyForDeploymentPostprocessing = 0;
		};
		3FF2DAC52BD0DF6F00C4F973 /* Frameworks */ = {
			isa = PBXFrameworksBuildPhase;
			buildActionMask = 2147483647;
			files = (
			);
			runOnlyForDeploymentPostprocessing = 0;
		};
		3FF2DACF2BD0DF6F00C4F973 /* Frameworks */ = {
			isa = PBXFrameworksBuildPhase;
			buildActionMask = 2147483647;
			files = (
			);
			runOnlyForDeploymentPostprocessing = 0;
		};
/* End PBXFrameworksBuildPhase section */

/* Begin PBXGroup section */
		3F5A142B2BD21ECC002F779B /* Categories */ = {
			isa = PBXGroup;
			children = (
				3F5A142C2BD21F2B002F779B /* CategoryHome.swift */,
				3F5A142E2BD2201F002F779B /* CategoryRow.swift */,
				3F5A14302BD22049002F779B /* CategoryItem.swift */,
			);
			path = Categories;
			sourceTree = "<group>";
		};
		3F8A44722BD2084200CB17A2 /* Landmarks */ = {
			isa = PBXGroup;
			children = (
				3FF2DAFE2BD0F00900C4F973 /* LandmarkList.swift */,
				3FF2DB012BD0F11200C4F973 /* LandmarkDetail.swift */,
				3FF2DAFB2BD0EE1C00C4F973 /* LandmarkRow.swift */,
			);
			path = Landmarks;
			sourceTree = "<group>";
		};
		3F8A44732BD2085700CB17A2 /* Helper */ = {
			isa = PBXGroup;
			children = (
				3F8A446E2BD207CB00CB17A2 /* FavoriteButton.swift */,
				3FED33872BD202CC004B5271 /* MapView.swift */,
				3FED33852BD20274004B5271 /* CircleImage.swift */,
			);
			path = Helper;
			sourceTree = "<group>";
		};
		3F8A447E2BD20C2900CB17A2 /* Badges */ = {
			isa = PBXGroup;
			children = (
				3F8A447A2BD20ACA00CB17A2 /* RotatedBadgeSymbol.swift */,
				3F8A44782BD20A9500CB17A2 /* BadgeSymbol.swift */,
				3F8A44762BD209F500CB17A2 /* BadgeBackground.swift */,
				3F8A447C2BD20C0600CB17A2 /* Badge.swift */,
				3F8A44742BD209B900CB17A2 /* HexagonParameters.swift */,
			);
			path = Badges;
			sourceTree = "<group>";
		};
		3F8A44872BD20D9B00CB17A2 /* Hikes */ = {
			isa = PBXGroup;
			children = (
				3F8A44832BD20D9B00CB17A2 /* GraphCapsule.swift */,
				3F8A44842BD20D9B00CB17A2 /* HikeDetail.swift */,
				3F8A44852BD20D9B00CB17A2 /* HikeGraph.swift */,
				3F8A44862BD20D9B00CB17A2 /* HikeView.swift */,
			);
			path = Hikes;
			sourceTree = "<group>";
		};
		3FF2DAAF2BD0DF6E00C4F973 = {
			isa = PBXGroup;
			children = (
				3FF2DABA2BD0DF6E00C4F973 /* Landmarks */,
				3FF2DACB2BD0DF6F00C4F973 /* LandmarksTests */,
				3FF2DAD52BD0DF6F00C4F973 /* LandmarksUITests */,
				3FF2DAB92BD0DF6E00C4F973 /* Products */,
			);
			sourceTree = "<group>";
		};
		3FF2DAB92BD0DF6E00C4F973 /* Products */ = {
			isa = PBXGroup;
			children = (
				3FF2DAB82BD0DF6E00C4F973 /* Landmarks.app */,
				3FF2DAC82BD0DF6F00C4F973 /* LandmarksTests.xctest */,
				3FF2DAD22BD0DF6F00C4F973 /* LandmarksUITests.xctest */,
			);
			name = Products;
			sourceTree = "<group>";
		};
		3FF2DABA2BD0DF6E00C4F973 /* Landmarks */ = {
			isa = PBXGroup;
			children = (
				3FF2DABB2BD0DF6E00C4F973 /* LandmarksApp.swift */,
				3FF2DAF52BD0ECFF00C4F973 /* Views */,
				3FF2DAF62BD0ED3A00C4F973 /* Model */,
				3FF2DAF72BD0EDB000C4F973 /* Resources */,
				3FF2DABF2BD0DF6F00C4F973 /* Assets.xcassets */,
				3FF2DAC12BD0DF6F00C4F973 /* Preview Content */,
			);
			path = Landmarks;
			sourceTree = "<group>";
		};
		3FF2DAC12BD0DF6F00C4F973 /* Preview Content */ = {
			isa = PBXGroup;
			children = (
				3FF2DAC22BD0DF6F00C4F973 /* Preview Assets.xcassets */,
			);
			path = "Preview Content";
			sourceTree = "<group>";
		};
		3FF2DACB2BD0DF6F00C4F973 /* LandmarksTests */ = {
			isa = PBXGroup;
			children = (
				3FF2DACC2BD0DF6F00C4F973 /* LandmarksTests.swift */,
			);
			path = LandmarksTests;
			sourceTree = "<group>";
		};
		3FF2DAD52BD0DF6F00C4F973 /* LandmarksUITests */ = {
			isa = PBXGroup;
			children = (
				3FF2DAD62BD0DF6F00C4F973 /* LandmarksUITests.swift */,
				3FF2DAD82BD0DF6F00C4F973 /* LandmarksUITestsLaunchTests.swift */,
			);
			path = LandmarksUITests;
			sourceTree = "<group>";
		};
		3FF2DAF52BD0ECFF00C4F973 /* Views */ = {
			isa = PBXGroup;
			children = (
				3FED33892BD202FD004B5271 /* ContentView.swift */,
				3F5A142B2BD21ECC002F779B /* Categories */,
				3F8A44872BD20D9B00CB17A2 /* Hikes */,
				3F8A44722BD2084200CB17A2 /* Landmarks */,
				3F8A447E2BD20C2900CB17A2 /* Badges */,
				3F8A44732BD2085700CB17A2 /* Helper */,
			);
			path = Views;
			sourceTree = "<group>";
		};
		3FF2DAF62BD0ED3A00C4F973 /* Model */ = {
			isa = PBXGroup;
			children = (
				3FF2DAF12BD0EC1E00C4F973 /* ModelData.swift */,
				3FF2DAEE2BD0EAC700C4F973 /* Landmark.swift */,
				3F8A44812BD20D4B00CB17A2 /* Hike.swift */,
			);
			path = Model;
			sourceTree = "<group>";
		};
		3FF2DAF72BD0EDB000C4F973 /* Resources */ = {
			isa = PBXGroup;
			children = (
				3F8A447F2BD20CD300CB17A2 /* hikeData.json */,
				3FF2DAEB2BD0EA8600C4F973 /* landmarkData.json */,
			);
			path = Resources;
			sourceTree = "<group>";
		};
/* End PBXGroup section */

/* Begin PBXNativeTarget section */
		3FF2DAB72BD0DF6E00C4F973 /* Landmarks */ = {
			isa = PBXNativeTarget;
			buildConfigurationList = 3FF2DADC2BD0DF6F00C4F973 /* Build configuration list for PBXNativeTarget "Landmarks" */;
			buildPhases = (
				3FF2DAB42BD0DF6E00C4F973 /* Sources */,
				3FF2DAB52BD0DF6E00C4F973 /* Frameworks */,
				3FF2DAB62BD0DF6E00C4F973 /* Resources */,
			);
			buildRules = (
			);
			dependencies = (
			);
			name = Landmarks;
			productName = Landmarks;
			productReference = 3FF2DAB82BD0DF6E00C4F973 /* Landmarks.app */;
			productType = "com.apple.product-type.application";
		};
		3FF2DAC72BD0DF6F00C4F973 /* LandmarksTests */ = {
			isa = PBXNativeTarget;
			buildConfigurationList = 3FF2DADF2BD0DF6F00C4F973 /* Build configuration list for PBXNativeTarget "LandmarksTests" */;
			buildPhases = (
				3FF2DAC42BD0DF6F00C4F973 /* Sources */,
				3FF2DAC52BD0DF6F00C4F973 /* Frameworks */,
				3FF2DAC62BD0DF6F00C4F973 /* Resources */,
			);
			buildRules = (
			);
			dependencies = (
				3FF2DACA2BD0DF6F00C4F973 /* PBXTargetDependency */,
			);
			name = LandmarksTests;
			productName = LandmarksTests;
			productReference = 3FF2DAC82BD0DF6F00C4F973 /* LandmarksTests.xctest */;
			productType = "com.apple.product-type.bundle.unit-test";
		};
		3FF2DAD12BD0DF6F00C4F973 /* LandmarksUITests */ = {
			isa = PBXNativeTarget;
			buildConfigurationList = 3FF2DAE22BD0DF6F00C4F973 /* Build configuration list for PBXNativeTarget "LandmarksUITests" */;
			buildPhases = (
				3FF2DACE2BD0DF6F00C4F973 /* Sources */,
				3FF2DACF2BD0DF6F00C4F973 /* Frameworks */,
				3FF2DAD02BD0DF6F00C4F973 /* Resources */,
			);
			buildRules = (
			);
			dependencies = (
				3FF2DAD42BD0DF6F00C4F973 /* PBXTargetDependency */,
			);
			name = LandmarksUITests;
			productName = LandmarksUITests;
			productReference = 3FF2DAD22BD0DF6F00C4F973 /* LandmarksUITests.xctest */;
			productType = "com.apple.product-type.bundle.ui-testing";
		};
/* End PBXNativeTarget section */

/* Begin PBXProject section */
		3FF2DAB02BD0DF6E00C4F973 /* Project object */ = {
			isa = PBXProject;
			attributes = {
				BuildIndependentTargetsInParallel = 1;
				LastSwiftUpdateCheck = 1530;
				LastUpgradeCheck = 1530;
				TargetAttributes = {
					3FF2DAB72BD0DF6E00C4F973 = {
						CreatedOnToolsVersion = 15.3;
					};
					3FF2DAC72BD0DF6F00C4F973 = {
						CreatedOnToolsVersion = 15.3;
						TestTargetID = 3FF2DAB72BD0DF6E00C4F973;
					};
					3FF2DAD12BD0DF6F00C4F973 = {
						CreatedOnToolsVersion = 15.3;
						TestTargetID = 3FF2DAB72BD0DF6E00C4F973;
					};
				};
			};
			buildConfigurationList = 3FF2DAB32BD0DF6E00C4F973 /* Build configuration list for PBXProject "Landmarks" */;
			compatibilityVersion = "Xcode 14.0";
			developmentRegion = en;
			hasScannedForEncodings = 0;
			knownRegions = (
				en,
				Base,
			);
			mainGroup = 3FF2DAAF2BD0DF6E00C4F973;
			productRefGroup = 3FF2DAB92BD0DF6E00C4F973 /* Products */;
			projectDirPath = "";
			projectRoot = "";
			targets = (
				3FF2DAB72BD0DF6E00C4F973 /* Landmarks */,
				3FF2DAC72BD0DF6F00C4F973 /* LandmarksTests */,
				3FF2DAD12BD0DF6F00C4F973 /* LandmarksUITests */,
			);
		};
/* End PBXProject section */

/* Begin PBXResourcesBuildPhase section */
		3FF2DAB62BD0DF6E00C4F973 /* Resources */ = {
			isa = PBXResourcesBuildPhase;
			buildActionMask = 2147483647;
			files = (
				3F8A44802BD20CD300CB17A2 /* hikeData.json in Resources */,
				3FF2DAC32BD0DF6F00C4F973 /* Preview Assets.xcassets in Resources */,
				3FF2DAC02BD0DF6F00C4F973 /* Assets.xcassets in Resources */,
				3FF2DAEC2BD0EA8600C4F973 /* landmarkData.json in Resources */,
			);
			runOnlyForDeploymentPostprocessing = 0;
		};
		3FF2DAC62BD0DF6F00C4F973 /* Resources */ = {
			isa = PBXResourcesBuildPhase;
			buildActionMask = 2147483647;
			files = (
			);
			runOnlyForDeploymentPostprocessing = 0;
		};
		3FF2DAD02BD0DF6F00C4F973 /* Resources */ = {
			isa = PBXResourcesBuildPhase;
			buildActionMask = 2147483647;
			files = (
				3FF2DAED2BD0EA8600C4F973 /* landmarkData.json in Resources */,
			);
			runOnlyForDeploymentPostprocessing = 0;
		};
/* End PBXResourcesBuildPhase section */

/* Begin PBXSourcesBuildPhase section */
		3FF2DAB42BD0DF6E00C4F973 /* Sources */ = {
			isa = PBXSourcesBuildPhase;
			buildActionMask = 2147483647;
			files = (
				3F5A142F2BD2201F002F779B /* CategoryRow.swift in Sources */,
				3FF2DABC2BD0DF6E00C4F973 /* LandmarksApp.swift in Sources */,
				3F5A142D2BD21F2B002F779B /* CategoryHome.swift in Sources */,
				3F8A447D2BD20C0600CB17A2 /* Badge.swift in Sources */,
				3FF2DAFF2BD0F00900C4F973 /* LandmarkList.swift in Sources */,
				3F8A44882BD20D9B00CB17A2 /* GraphCapsule.swift in Sources */,
				3F8A448A2BD20D9B00CB17A2 /* HikeGraph.swift in Sources */,
				3FF2DB022BD0F11200C4F973 /* LandmarkDetail.swift in Sources */,
				3F8A446F2BD207CB00CB17A2 /* FavoriteButton.swift in Sources */,
				3F5A14312BD22049002F779B /* CategoryItem.swift in Sources */,
				3F8A44752BD209B900CB17A2 /* HexagonParameters.swift in Sources */,
				3F8A44822BD20D4B00CB17A2 /* Hike.swift in Sources */,
				3F8A447B2BD20ACA00CB17A2 /* RotatedBadgeSymbol.swift in Sources */,
				3F8A44792BD20A9500CB17A2 /* BadgeSymbol.swift in Sources */,
				3FED33862BD20274004B5271 /* CircleImage.swift in Sources */,
				3F8A44892BD20D9B00CB17A2 /* HikeDetail.swift in Sources */,
				3F8A448B2BD20D9B00CB17A2 /* HikeView.swift in Sources */,
				3FF2DAEF2BD0EAC700C4F973 /* Landmark.swift in Sources */,
				3F8A44772BD209F500CB17A2 /* BadgeBackground.swift in Sources */,
				3FED338A2BD202FD004B5271 /* ContentView.swift in Sources */,
				3FF2DAFC2BD0EE1C00C4F973 /* LandmarkRow.swift in Sources */,
				3FED33882BD202CC004B5271 /* MapView.swift in Sources */,
				3FF2DAF22BD0EC1E00C4F973 /* ModelData.swift in Sources */,
			);
			runOnlyForDeploymentPostprocessing = 0;
		};
		3FF2DAC42BD0DF6F00C4F973 /* Sources */ = {
			isa = PBXSourcesBuildPhase;
			buildActionMask = 2147483647;
			files = (
				3FF2DACD2BD0DF6F00C4F973 /* LandmarksTests.swift in Sources */,
			);
			runOnlyForDeploymentPostprocessing = 0;
		};
		3FF2DACE2BD0DF6F00C4F973 /* Sources */ = {
			isa = PBXSourcesBuildPhase;
			buildActionMask = 2147483647;
			files = (
				3FF2DAD92BD0DF6F00C4F973 /* LandmarksUITestsLaunchTests.swift in Sources */,
				3FF2DAD72BD0DF6F00C4F973 /* LandmarksUITests.swift in Sources */,
			);
			runOnlyForDeploymentPostprocessing = 0;
		};
/* End PBXSourcesBuildPhase section */

/* Begin PBXTargetDependency section */
		3FF2DACA2BD0DF6F00C4F973 /* PBXTargetDependency */ = {
			isa = PBXTargetDependency;
			target = 3FF2DAB72BD0DF6E00C4F973 /* Landmarks */;
			targetProxy = 3FF2DAC92BD0DF6F00C4F973 /* PBXContainerItemProxy */;
		};
		3FF2DAD42BD0DF6F00C4F973 /* PBXTargetDependency */ = {
			isa = PBXTargetDependency;
			target = 3FF2DAB72BD0DF6E00C4F973 /* Landmarks */;
			targetProxy = 3FF2DAD32BD0DF6F00C4F973 /* PBXContainerItemProxy */;
		};
/* End PBXTargetDependency section */

/* Begin XCBuildConfiguration section */
		3FF2DADA2BD0DF6F00C4F973 /* Debug */ = {
			isa = XCBuildConfiguration;
			buildSettings = {
				ALWAYS_SEARCH_USER_PATHS = NO;
				ASSETCATALOG_COMPILER_GENERATE_SWIFT_ASSET_SYMBOL_EXTENSIONS = YES;
				CLANG_ANALYZER_NONNULL = YES;
				CLANG_ANALYZER_NUMBER_OBJECT_CONVERSION = YES_AGGRESSIVE;
				CLANG_CXX_LANGUAGE_STANDARD = "gnu++20";
				CLANG_ENABLE_MODULES = YES;
				CLANG_ENABLE_OBJC_ARC = YES;
				CLANG_ENABLE_OBJC_WEAK = YES;
				CLANG_WARN_BLOCK_CAPTURE_AUTORELEASING = YES;
				CLANG_WARN_BOOL_CONVERSION = YES;
				CLANG_WARN_COMMA = YES;
				CLANG_WARN_CONSTANT_CONVERSION = YES;
				CLANG_WARN_DEPRECATED_OBJC_IMPLEMENTATIONS = YES;
				CLANG_WARN_DIRECT_OBJC_ISA_USAGE = YES_ERROR;
				CLANG_WARN_DOCUMENTATION_COMMENTS = YES;
				CLANG_WARN_EMPTY_BODY = YES;
				CLANG_WARN_ENUM_CONVERSION = YES;
				CLANG_WARN_INFINITE_RECURSION = YES;
				CLANG_WARN_INT_CONVERSION = YES;
				CLANG_WARN_NON_LITERAL_NULL_CONVERSION = YES;
				CLANG_WARN_OBJC_IMPLICIT_RETAIN_SELF = YES;
				CLANG_WARN_OBJC_LITERAL_CONVERSION = YES;
				CLANG_WARN_OBJC_ROOT_CLASS = YES_ERROR;
				CLANG_WARN_QUOTED_INCLUDE_IN_FRAMEWORK_HEADER = YES;
				CLANG_WARN_RANGE_LOOP_ANALYSIS = YES;
				CLANG_WARN_STRICT_PROTOTYPES = YES;
				CLANG_WARN_SUSPICIOUS_MOVE = YES;
				CLANG_WARN_UNGUARDED_AVAILABILITY = YES_AGGRESSIVE;
				CLANG_WARN_UNREACHABLE_CODE = YES;
				CLANG_WARN__DUPLICATE_METHOD_MATCH = YES;
				COPY_PHASE_STRIP = NO;
				DEBUG_INFORMATION_FORMAT = dwarf;
				ENABLE_STRICT_OBJC_MSGSEND = YES;
				ENABLE_TESTABILITY = YES;
				ENABLE_USER_SCRIPT_SANDBOXING = YES;
				GCC_C_LANGUAGE_STANDARD = gnu17;
				GCC_DYNAMIC_NO_PIC = NO;
				GCC_NO_COMMON_BLOCKS = YES;
				GCC_OPTIMIZATION_LEVEL = 0;
				GCC_PREPROCESSOR_DEFINITIONS = (
					"DEBUG=1",
					"$(inherited)",
				);
				GCC_WARN_64_TO_32_BIT_CONVERSION = YES;
				GCC_WARN_ABOUT_RETURN_TYPE = YES_ERROR;
				GCC_WARN_UNDECLARED_SELECTOR = YES;
				GCC_WARN_UNINITIALIZED_AUTOS = YES_AGGRESSIVE;
				GCC_WARN_UNUSED_FUNCTION = YES;
				GCC_WARN_UNUSED_VARIABLE = YES;
				IPHONEOS_DEPLOYMENT_TARGET = 17.4;
				LOCALIZATION_PREFERS_STRING_CATALOGS = YES;
				MTL_ENABLE_DEBUG_INFO = INCLUDE_SOURCE;
				MTL_FAST_MATH = YES;
				ONLY_ACTIVE_ARCH = YES;
				SDKROOT = iphoneos;
				SWIFT_ACTIVE_COMPILATION_CONDITIONS = "DEBUG $(inherited)";
				SWIFT_OPTIMIZATION_LEVEL = "-Onone";
			};
			name = Debug;
		};
		3FF2DADB2BD0DF6F00C4F973 /* Release */ = {
			isa = XCBuildConfiguration;
			buildSettings = {
				ALWAYS_SEARCH_USER_PATHS = NO;
				ASSETCATALOG_COMPILER_GENERATE_SWIFT_ASSET_SYMBOL_EXTENSIONS = YES;
				CLANG_ANALYZER_NONNULL = YES;
				CLANG_ANALYZER_NUMBER_OBJECT_CONVERSION = YES_AGGRESSIVE;
				CLANG_CXX_LANGUAGE_STANDARD = "gnu++20";
				CLANG_ENABLE_MODULES = YES;
				CLANG_ENABLE_OBJC_ARC = YES;
				CLANG_ENABLE_OBJC_WEAK = YES;
				CLANG_WARN_BLOCK_CAPTURE_AUTORELEASING = YES;
				CLANG_WARN_BOOL_CONVERSION = YES;
				CLANG_WARN_COMMA = YES;
				CLANG_WARN_CONSTANT_CONVERSION = YES;
				CLANG_WARN_DEPRECATED_OBJC_IMPLEMENTATIONS = YES;
				CLANG_WARN_DIRECT_OBJC_ISA_USAGE = YES_ERROR;
				CLANG_WARN_DOCUMENTATION_COMMENTS = YES;
				CLANG_WARN_EMPTY_BODY = YES;
				CLANG_WARN_ENUM_CONVERSION = YES;
				CLANG_WARN_INFINITE_RECURSION = YES;
				CLANG_WARN_INT_CONVERSION = YES;
				CLANG_WARN_NON_LITERAL_NULL_CONVERSION = YES;
				CLANG_WARN_OBJC_IMPLICIT_RETAIN_SELF = YES;
				CLANG_WARN_OBJC_LITERAL_CONVERSION = YES;
				CLANG_WARN_OBJC_ROOT_CLASS = YES_ERROR;
				CLANG_WARN_QUOTED_INCLUDE_IN_FRAMEWORK_HEADER = YES;
				CLANG_WARN_RANGE_LOOP_ANALYSIS = YES;
				CLANG_WARN_STRICT_PROTOTYPES = YES;
				CLANG_WARN_SUSPICIOUS_MOVE = YES;
				CLANG_WARN_UNGUARDED_AVAILABILITY = YES_AGGRESSIVE;
				CLANG_WARN_UNREACHABLE_CODE = YES;
				CLANG_WARN__DUPLICATE_METHOD_MATCH = YES;
				COPY_PHASE_STRIP = NO;
				DEBUG_INFORMATION_FORMAT = "dwarf-with-dsym";
				ENABLE_NS_ASSERTIONS = NO;
				ENABLE_STRICT_OBJC_MSGSEND = YES;
				ENABLE_USER_SCRIPT_SANDBOXING = YES;
				GCC_C_LANGUAGE_STANDARD = gnu17;
				GCC_NO_COMMON_BLOCKS = YES;
				GCC_WARN_64_TO_32_BIT_CONVERSION = YES;
				GCC_WARN_ABOUT_RETURN_TYPE = YES_ERROR;
				GCC_WARN_UNDECLARED_SELECTOR = YES;
				GCC_WARN_UNINITIALIZED_AUTOS = YES_AGGRESSIVE;
				GCC_WARN_UNUSED_FUNCTION = YES;
				GCC_WARN_UNUSED_VARIABLE = YES;
				IPHONEOS_DEPLOYMENT_TARGET = 17.4;
				LOCALIZATION_PREFERS_STRING_CATALOGS = YES;
				MTL_ENABLE_DEBUG_INFO = NO;
				MTL_FAST_MATH = YES;
				SDKROOT = iphoneos;
				SWIFT_COMPILATION_MODE = wholemodule;
				VALIDATE_PRODUCT = YES;
			};
			name = Release;
		};
		3FF2DADD2BD0DF6F00C4F973 /* Debug */ = {
			isa = XCBuildConfiguration;
			buildSettings = {
				ASSETCATALOG_COMPILER_APPICON_NAME = AppIcon;
				ASSETCATALOG_COMPILER_GLOBAL_ACCENT_COLOR_NAME = AccentColor;
				CODE_SIGN_STYLE = Automatic;
				CURRENT_PROJECT_VERSION = 1;
				DEVELOPMENT_ASSET_PATHS = "\"Landmarks/Preview Content\"";
				ENABLE_PREVIEWS = YES;
				GENERATE_INFOPLIST_FILE = YES;
				INFOPLIST_KEY_UIApplicationSceneManifest_Generation = YES;
				INFOPLIST_KEY_UIApplicationSupportsIndirectInputEvents = YES;
				INFOPLIST_KEY_UILaunchScreen_Generation = YES;
				INFOPLIST_KEY_UISupportedInterfaceOrientations_iPad = "UIInterfaceOrientationPortrait UIInterfaceOrientationPortraitUpsideDown UIInterfaceOrientationLandscapeLeft UIInterfaceOrientationLandscapeRight";
				INFOPLIST_KEY_UISupportedInterfaceOrientations_iPhone = "UIInterfaceOrientationPortrait UIInterfaceOrientationLandscapeLeft UIInterfaceOrientationLandscapeRight";
				LD_RUNPATH_SEARCH_PATHS = (
					"$(inherited)",
					"@executable_path/Frameworks",
				);
				MARKETING_VERSION = 1.0;
				PRODUCT_BUNDLE_IDENTIFIER = coba.Landmarks;
				PRODUCT_NAME = "$(TARGET_NAME)";
				SWIFT_EMIT_LOC_STRINGS = YES;
				SWIFT_VERSION = 5.0;
				TARGETED_DEVICE_FAMILY = "1,2";
			};
			name = Debug;
		};
		3FF2DADE2BD0DF6F00C4F973 /* Release */ = {
			isa = XCBuildConfiguration;
			buildSettings = {
				ASSETCATALOG_COMPILER_APPICON_NAME = AppIcon;
				ASSETCATALOG_COMPILER_GLOBAL_ACCENT_COLOR_NAME = AccentColor;
				CODE_SIGN_STYLE = Automatic;
				CURRENT_PROJECT_VERSION = 1;
				DEVELOPMENT_ASSET_PATHS = "\"Landmarks/Preview Content\"";
				ENABLE_PREVIEWS = YES;
				GENERATE_INFOPLIST_FILE = YES;
				INFOPLIST_KEY_UIApplicationSceneManifest_Generation = YES;
				INFOPLIST_KEY_UIApplicationSupportsIndirectInputEvents = YES;
				INFOPLIST_KEY_UILaunchScreen_Generation = YES;
				INFOPLIST_KEY_UISupportedInterfaceOrientations_iPad = "UIInterfaceOrientationPortrait UIInterfaceOrientationPortraitUpsideDown UIInterfaceOrientationLandscapeLeft UIInterfaceOrientationLandscapeRight";
				INFOPLIST_KEY_UISupportedInterfaceOrientations_iPhone = "UIInterfaceOrientationPortrait UIInterfaceOrientationLandscapeLeft UIInterfaceOrientationLandscapeRight";
				LD_RUNPATH_SEARCH_PATHS = (
					"$(inherited)",
					"@executable_path/Frameworks",
				);
				MARKETING_VERSION = 1.0;
				PRODUCT_BUNDLE_IDENTIFIER = coba.Landmarks;
				PRODUCT_NAME = "$(TARGET_NAME)";
				SWIFT_EMIT_LOC_STRINGS = YES;
				SWIFT_VERSION = 5.0;
				TARGETED_DEVICE_FAMILY = "1,2";
			};
			name = Release;
		};
		3FF2DAE02BD0DF6F00C4F973 /* Debug */ = {
			isa = XCBuildConfiguration;
			buildSettings = {
				ALWAYS_EMBED_SWIFT_STANDARD_LIBRARIES = YES;
				BUNDLE_LOADER = "$(TEST_HOST)";
				CODE_SIGN_STYLE = Automatic;
				CURRENT_PROJECT_VERSION = 1;
				GENERATE_INFOPLIST_FILE = YES;
				IPHONEOS_DEPLOYMENT_TARGET = 17.4;
				MARKETING_VERSION = 1.0;
				PRODUCT_BUNDLE_IDENTIFIER = coba.LandmarksTests;
				PRODUCT_NAME = "$(TARGET_NAME)";
				SWIFT_EMIT_LOC_STRINGS = NO;
				SWIFT_VERSION = 5.0;
				TARGETED_DEVICE_FAMILY = "1,2";
				TEST_HOST = "$(BUILT_PRODUCTS_DIR)/Landmarks.app/$(BUNDLE_EXECUTABLE_FOLDER_PATH)/Landmarks";
			};
			name = Debug;
		};
		3FF2DAE12BD0DF6F00C4F973 /* Release */ = {
			isa = XCBuildConfiguration;
			buildSettings = {
				ALWAYS_EMBED_SWIFT_STANDARD_LIBRARIES = YES;
				BUNDLE_LOADER = "$(TEST_HOST)";
				CODE_SIGN_STYLE = Automatic;
				CURRENT_PROJECT_VERSION = 1;
				GENERATE_INFOPLIST_FILE = YES;
				IPHONEOS_DEPLOYMENT_TARGET = 17.4;
				MARKETING_VERSION = 1.0;
				PRODUCT_BUNDLE_IDENTIFIER = coba.LandmarksTests;
				PRODUCT_NAME = "$(TARGET_NAME)";
				SWIFT_EMIT_LOC_STRINGS = NO;
				SWIFT_VERSION = 5.0;
				TARGETED_DEVICE_FAMILY = "1,2";
				TEST_HOST = "$(BUILT_PRODUCTS_DIR)/Landmarks.app/$(BUNDLE_EXECUTABLE_FOLDER_PATH)/Landmarks";
			};
			name = Release;
		};
		3FF2DAE32BD0DF6F00C4F973 /* Debug */ = {
			isa = XCBuildConfiguration;
			buildSettings = {
				ALWAYS_EMBED_SWIFT_STANDARD_LIBRARIES = YES;
				CODE_SIGN_STYLE = Automatic;
				CURRENT_PROJECT_VERSION = 1;
				GENERATE_INFOPLIST_FILE = YES;
				MARKETING_VERSION = 1.0;
				PRODUCT_BUNDLE_IDENTIFIER = coba.LandmarksUITests;
				PRODUCT_NAME = "$(TARGET_NAME)";
				SWIFT_EMIT_LOC_STRINGS = NO;
				SWIFT_VERSION = 5.0;
				TARGETED_DEVICE_FAMILY = "1,2";
				TEST_TARGET_NAME = Landmarks;
			};
			name = Debug;
		};
		3FF2DAE42BD0DF6F00C4F973 /* Release */ = {
			isa = XCBuildConfiguration;
			buildSettings = {
				ALWAYS_EMBED_SWIFT_STANDARD_LIBRARIES = YES;
				CODE_SIGN_STYLE = Automatic;
				CURRENT_PROJECT_VERSION = 1;
				GENERATE_INFOPLIST_FILE = YES;
				MARKETING_VERSION = 1.0;
				PRODUCT_BUNDLE_IDENTIFIER = coba.LandmarksUITests;
				PRODUCT_NAME = "$(TARGET_NAME)";
				SWIFT_EMIT_LOC_STRINGS = NO;
				SWIFT_VERSION = 5.0;
				TARGETED_DEVICE_FAMILY = "1,2";
				TEST_TARGET_NAME = Landmarks;
			};
			name = Release;
		};
/* End XCBuildConfiguration section */

/* Begin XCConfigurationList section */
		3FF2DAB32BD0DF6E00C4F973 /* Build configuration list for PBXProject "Landmarks" */ = {
			isa = XCConfigurationList;
			buildConfigurations = (
				3FF2DADA2BD0DF6F00C4F973 /* Debug */,
				3FF2DADB2BD0DF6F00C4F973 /* Release */,
			);
			defaultConfigurationIsVisible = 0;
			defaultConfigurationName = Release;
		};
		3FF2DADC2BD0DF6F00C4F973 /* Build configuration list for PBXNativeTarget "Landmarks" */ = {
			isa = XCConfigurationList;
			buildConfigurations = (
				3FF2DADD2BD0DF6F00C4F973 /* Debug */,
				3FF2DADE2BD0DF6F00C4F973 /* Release */,
			);
			defaultConfigurationIsVisible = 0;
			defaultConfigurationName = Release;
		};
		3FF2DADF2BD0DF6F00C4F973 /* Build configuration list for PBXNativeTarget "LandmarksTests" */ = {
			isa = XCConfigurationList;
			buildConfigurations = (
				3FF2DAE02BD0DF6F00C4F973 /* Debug */,
				3FF2DAE12BD0DF6F00C4F973 /* Release */,
			);
			defaultConfigurationIsVisible = 0;
			defaultConfigurationName = Release;
		};
		3FF2DAE22BD0DF6F00C4F973 /* Build configuration list for PBXNativeTarget "LandmarksUITests" */ = {
			isa = XCConfigurationList;
			buildConfigurations = (
				3FF2DAE32BD0DF6F00C4F973 /* Debug */,
				3FF2DAE42BD0DF6F00C4F973 /* Release */,
			);
			defaultConfigurationIsVisible = 0;
			defaultConfigurationName = Release;
		};
/* End XCConfigurationList section */
	};
	rootObject = 3FF2DAB02BD0DF6E00C4F973 /* Project object */;
}
